Microsoft Visual Studio Solution File, Format Version 12.00
# Visual Studio Version 16
VisualStudioVersion = 16.0.0.0
MinimumVisualStudioVersion = 16.0.0.0
Project("{9A19103F-16F7-4668-BE54-9A1E7A4F7556}") = "AccountingBookkeeping.Server", "Server\AccountingBookkeeping.Server.csproj", "{44BCADB4-4331-4EBB-87FA-D70F666DE3CE}"
EndProject
Project("{9A19103F-16F7-4668-BE54-9A1E7A4F7556}") = "AccountingBookkeeping.Client", "Client\AccountingBookkeeping.Client.csproj", "{134E84C0-9693-46BF-A3D7-20CC18466695}"
EndProject
Global
	GlobalSection(SolutionConfigurationPlatforms) = preSolution
		Debug|Any CPU = Debug|Any CPU
		Debug|x64 = Debug|x64
		Debug|x86 = Debug|x86
		Release|Any CPU = Release|Any CPU
		Release|x64 = Release|x64
		Release|x86 = Release|x86
	EndGlobalSection
	GlobalSection(ProjectConfigurationPlatforms) = postSolution
		{134E84C0-9693-46BF-A3D7-20CC18466695}.Debug|Any CPU.ActiveCfg = Debug|Any CPU
		{134E84C0-9693-46BF-A3D7-20CC18466695}.Debug|Any CPU.Build.0 = Debug|Any CPU
		{134E84C0-9693-46BF-A3D7-20CC18466695}.Debug|x64.ActiveCfg = Debug|Any CPU
		{134E84C0-9693-46BF-A3D7-20CC18466695}.Debug|x64.Build.0 = Debug|Any CPU
		{134E84C0-9693-46BF-A3D7-20CC18466695}.Debug|x86.ActiveCfg = Debug|Any CPU
		{134E84C0-9693-46BF-A3D7-20CC18466695}.Debug|x86.Build.0 = Debug|Any CPU
		{134E84C0-9693-46BF-A3D7-20CC18466695}.Release|Any CPU.ActiveCfg = Release|Any CPU
		{134E84C0-9693-46BF-A3D7-20CC18466695}.Release|Any CPU.Build.0 = Release|Any CPU
		{134E84C0-9693-46BF-A3D7-20CC18466695}.Release|x64.ActiveCfg = Release|Any CPU
		{134E84C0-9693-46BF-A3D7-20CC18466695}.Release|x64.Build.0 = Release|Any CPU
		{134E84C0-9693-46BF-A3D7-20CC18466695}.Release|x86.ActiveCfg = Release|Any CPU
		{134E84C0-9693-46BF-A3D7-20CC18466695}.Release|x86.Build.0 = Release|Any CPU
		{44BCADB4-4331-4EBB-87FA-D70F666DE3CE}.Debug|Any CPU.ActiveCfg = Debug|Any CPU
		{44BCADB4-4331-4EBB-87FA-D70F666DE3CE}.Debug|Any CPU.Build.0 = Debug|Any CPU
		{44BCADB4-4331-4EBB-87FA-D70F666DE3CE}.Debug|x64.ActiveCfg = Debug|Any CPU
		{44BCADB4-4331-4EBB-87FA-D70F666DE3CE}.Debug|x64.Build.0 = Debug|Any CPU
		{44BCADB4-4331-4EBB-87FA-D70F666DE3CE}.Debug|x86.ActiveCfg = Debug|Any CPU
		{44BCADB4-4331-4EBB-87FA-D70F666DE3CE}.Debug|x86.Build.0 = Debug|Any CPU
		{44BCADB4-4331-4EBB-87FA-D70F666DE3CE}.Release|Any CPU.ActiveCfg = Release|Any CPU
		{44BCADB4-4331-4EBB-87FA-D70F666DE3CE}.Release|Any CPU.Build.0 = Release|Any CPU
		{44BCADB4-4331-4EBB-87FA-D70F666DE3CE}.Release|x64.ActiveCfg = Release|Any CPU
		{44BCADB4-4331-4EBB-87FA-D70F666DE3CE}.Release|x64.Build.0 = Release|Any CPU
		{44BCADB4-4331-4EBB-87FA-D70F666DE3CE}.Release|x86.ActiveCfg = Release|Any CPU
		{44BCADB4-4331-4EBB-87FA-D70F666DE3CE}.Release|x86.Build.0 = Release|Any CPU
	EndGlobalSection
	GlobalSection(SolutionProperties) = preSolution
		HideSolutionNode = FALSE
	EndGlobalSection
	GlobalSection(ExtensibilityGlobals) = postSolution
		SolutionGuid = {801B0B9B-6C6E-4C0E-B6AA-DC71B2E38820}
	EndGlobalSection
EndGlobal